
Microsoft Visual Studio Solution File, Format Version 12.00
# Visual Studio 15
VisualStudioVersion = 15.0.26124.0
MinimumVisualStudioVersion = 15.0.26124.0
Project("{FAE04EC0-301F-11D3-BF4B-00C04F79EFBC}") = "Pix_API", "Pix_API\Pix_API.csproj", "{92BC8FF0-6D95-457C-934A-BEA82730171C}"
EndProject
Project("{FAE04EC0-301F-11D3-BF4B-00C04F79EFBC}") = "Pix_API.Providers.Disk", "Pix_API.Providers.Disk\Pix_API.Providers.Disk.csproj", "{D2107EDC-AC52-4CBF-8F31-DEA1CCE7C148}"
EndProject
Project("{FAE04EC0-301F-11D3-BF4B-00C04F79EFBC}") = "Pix_API.Interfaces", "Pix_API.Interfaces\Pix_API.Interfaces.csproj", "{14A390F7-728B-461C-A97F-B841E4933EEF}"
EndProject
Project("{FAE04EC0-301F-11D3-BF4B-00C04F79EFBC}") = "Pix_API.Providers.MongoDB", "Pix_API.Providers.MongoDB\Pix_API.Providers.MongoDB.csproj", "{916F4648-B186-421E-A044-78B7BCEBC0A3}"
EndProject
Project("{FAE04EC0-301F-11D3-BF4B-00C04F79EFBC}") = "Pix_API.Utills", "Pix_API.Utills\Pix_API.Utills.csproj", "{64F89E6E-B720-4228-BBD8-E1B34558DD52}"
EndProject
Global
	GlobalSection(SolutionConfigurationPlatforms) = preSolution
		Debug|Any CPU = Debug|Any CPU
		Debug|x64 = Debug|x64
		Debug|x86 = Debug|x86
		Release|Any CPU = Release|Any CPU
		Release|x64 = Release|x64
		Release|x86 = Release|x86
	EndGlobalSection
	GlobalSection(SolutionProperties) = preSolution
		HideSolutionNode = FALSE
	EndGlobalSection
	GlobalSection(ProjectConfigurationPlatforms) = postSolution
		{92BC8FF0-6D95-457C-934A-BEA82730171C}.Debug|Any CPU.ActiveCfg = Debug|Any CPU
		{92BC8FF0-6D95-457C-934A-BEA82730171C}.Debug|Any CPU.Build.0 = Debug|Any CPU
		{92BC8FF0-6D95-457C-934A-BEA82730171C}.Debug|x64.ActiveCfg = Debug|Any CPU
		{92BC8FF0-6D95-457C-934A-BEA82730171C}.Debug|x64.Build.0 = Debug|Any CPU
		{92BC8FF0-6D95-457C-934A-BEA82730171C}.Debug|x86.ActiveCfg = Debug|Any CPU
		{92BC8FF0-6D95-457C-934A-BEA82730171C}.Debug|x86.Build.0 = Debug|Any CPU
		{92BC8FF0-6D95-457C-934A-BEA82730171C}.Release|Any CPU.ActiveCfg = Release|Any CPU
		{92BC8FF0-6D95-457C-934A-BEA82730171C}.Release|Any CPU.Build.0 = Release|Any CPU
		{92BC8FF0-6D95-457C-934A-BEA82730171C}.Release|x64.ActiveCfg = Release|Any CPU
		{92BC8FF0-6D95-457C-934A-BEA82730171C}.Release|x64.Build.0 = Release|Any CPU
		{92BC8FF0-6D95-457C-934A-BEA82730171C}.Release|x86.ActiveCfg = Release|Any CPU
		{92BC8FF0-6D95-457C-934A-BEA82730171C}.Release|x86.Build.0 = Release|Any CPU
		{D2107EDC-AC52-4CBF-8F31-DEA1CCE7C148}.Debug|Any CPU.ActiveCfg = Debug|Any CPU
		{D2107EDC-AC52-4CBF-8F31-DEA1CCE7C148}.Debug|Any CPU.Build.0 = Debug|Any CPU
		{D2107EDC-AC52-4CBF-8F31-DEA1CCE7C148}.Debug|x64.ActiveCfg = Debug|Any CPU
		{D2107EDC-AC52-4CBF-8F31-DEA1CCE7C148}.Debug|x64.Build.0 = Debug|Any CPU
		{D2107EDC-AC52-4CBF-8F31-DEA1CCE7C148}.Debug|x86.ActiveCfg = Debug|Any CPU
		{D2107EDC-AC52-4CBF-8F31-DEA1CCE7C148}.Debug|x86.Build.0 = Debug|Any CPU
		{D2107EDC-AC52-4CBF-8F31-DEA1CCE7C148}.Release|Any CPU.ActiveCfg = Release|Any CPU
		{D2107EDC-AC52-4CBF-8F31-DEA1CCE7C148}.Release|Any CPU.Build.0 = Release|Any CPU
		{D2107EDC-AC52-4CBF-8F31-DEA1CCE7C148}.Release|x64.ActiveCfg = Release|Any CPU
		{D2107EDC-AC52-4CBF-8F31-DEA1CCE7C148}.Release|x64.Build.0 = Release|Any CPU
		{D2107EDC-AC52-4CBF-8F31-DEA1CCE7C148}.Release|x86.ActiveCfg = Release|Any CPU
		{D2107EDC-AC52-4CBF-8F31-DEA1CCE7C148}.Release|x86.Build.0 = Release|Any CPU
		{14A390F7-728B-461C-A97F-B841E4933EEF}.Debug|Any CPU.ActiveCfg = Debug|Any CPU
		{14A390F7-728B-461C-A97F-B841E4933EEF}.Debug|Any CPU.Build.0 = Debug|Any CPU
		{14A390F7-728B-461C-A97F-B841E4933EEF}.Debug|x64.ActiveCfg = Debug|Any CPU
		{14A390F7-728B-461C-A97F-B841E4933EEF}.Debug|x64.Build.0 = Debug|Any CPU
		{14A390F7-728B-461C-A97F-B841E4933EEF}.Debug|x86.ActiveCfg = Debug|Any CPU
		{14A390F7-728B-461C-A97F-B841E4933EEF}.Debug|x86.Build.0 = Debug|Any CPU
		{14A390F7-728B-461C-A97F-B841E4933EEF}.Release|Any CPU.ActiveCfg = Release|Any CPU
		{14A390F7-728B-461C-A97F-B841E4933EEF}.Release|Any CPU.Build.0 = Release|Any CPU
		{14A390F7-728B-461C-A97F-B841E4933EEF}.Release|x64.ActiveCfg = Release|Any CPU
		{14A390F7-728B-461C-A97F-B841E4933EEF}.Release|x64.Build.0 = Release|Any CPU
		{14A390F7-728B-461C-A97F-B841E4933EEF}.Release|x86.ActiveCfg = Release|Any CPU
		{14A390F7-728B-461C-A97F-B841E4933EEF}.Release|x86.Build.0 = Release|Any CPU
		{916F4648-B186-421E-A044-78B7BCEBC0A3}.Debug|Any CPU.ActiveCfg = Debug|Any CPU
		{916F4648-B186-421E-A044-78B7BCEBC0A3}.Debug|Any CPU.Build.0 = Debug|Any CPU
		{916F4648-B186-421E-A044-78B7BCEBC0A3}.Debug|x64.ActiveCfg = Debug|Any CPU
		{916F4648-B186-421E-A044-78B7BCEBC0A3}.Debug|x64.Build.0 = Debug|Any CPU
		{916F4648-B186-421E-A044-78B7BCEBC0A3}.Debug|x86.ActiveCfg = Debug|Any CPU
		{916F4648-B186-421E-A044-78B7BCEBC0A3}.Debug|x86.Build.0 = Debug|Any CPU
		{916F4648-B186-421E-A044-78B7BCEBC0A3}.Release|Any CPU.ActiveCfg = Release|Any CPU
		{916F4648-B186-421E-A044-78B7BCEBC0A3}.Release|Any CPU.Build.0 = Release|Any CPU
		{916F4648-B186-421E-A044-78B7BCEBC0A3}.Release|x64.ActiveCfg = Release|Any CPU
		{916F4648-B186-421E-A044-78B7BCEBC0A3}.Release|x64.Build.0 = Release|Any CPU
		{916F4648-B186-421E-A044-78B7BCEBC0A3}.Release|x86.ActiveCfg = Release|Any CPU
		{916F4648-B186-421E-A044-78B7BCEBC0A3}.Release|x86.Build.0 = Release|Any CPU
		{64F89E6E-B720-4228-BBD8-E1B34558DD52}.Debug|Any CPU.ActiveCfg = Debug|Any CPU
		{64F89E6E-B720-4228-BBD8-E1B34558DD52}.Debug|Any CPU.Build.0 = Debug|Any CPU
		{64F89E6E-B720-4228-BBD8-E1B34558DD52}.Debug|x64.ActiveCfg = Debug|Any CPU
		{64F89E6E-B720-4228-BBD8-E1B34558DD52}.Debug|x64.Build.0 = Debug|Any CPU
		{64F89E6E-B720-4228-BBD8-E1B34558DD52}.Debug|x86.ActiveCfg = Debug|Any CPU
		{64F89E6E-B720-4228-BBD8-E1B34558DD52}.Debug|x86.Build.0 = Debug|Any CPU
		{64F89E6E-B720-4228-BBD8-E1B34558DD52}.Release|Any CPU.ActiveCfg = Release|Any CPU
		{64F89E6E-B720-4228-BBD8-E1B34558DD52}.Release|Any CPU.Build.0 = Release|Any CPU
		{64F89E6E-B720-4228-BBD8-E1B34558DD52}.Release|x64.ActiveCfg = Release|Any CPU
		{64F89E6E-B720-4228-BBD8-E1B34558DD52}.Release|x64.Build.0 = Release|Any CPU
		{64F89E6E-B720-4228-BBD8-E1B34558DD52}.Release|x86.ActiveCfg = Release|Any CPU
		{64F89E6E-B720-4228-BBD8-E1B34558DD52}.Release|x86.Build.0 = Release|Any CPU
	EndGlobalSection
EndGlobal
