Microsoft Visual Studio Solution File, Format Version 12.00
# Visual Studio Version 16
VisualStudioVersion = 16.0.31702.278
MinimumVisualStudioVersion = 15.0.26124.0
Project("{FAE04EC0-301F-11D3-BF4B-00C04F79EFBC}") = "Pix_API", "Pix_API\Pix_API.csproj", "{92BC8FF0-6D95-457C-934A-BEA82730171C}"
EndProject
Project("{FAE04EC0-301F-11D3-BF4B-00C04F79EFBC}") = "Pix_API.PixInterfaces", "Pix_API.Interfaces\Pix_API.PixInterfaces.csproj", "{14A390F7-728B-461C-A97F-B841E4933EEF}"
EndProject
Project("{FAE04EC0-301F-11D3-BF4B-00C04F79EFBC}") = "Pix_API.Providers.MongoDB", "Pix_API.Providers.MongoDB\Pix_API.Providers.MongoDB.csproj", "{916F4648-B186-421E-A044-78B7BCEBC0A3}"
EndProject
Project("{FAE04EC0-301F-11D3-BF4B-00C04F79EFBC}") = "Pix_API.Utills", "Pix_API.Utills\Pix_API.Utills.csproj", "{64F89E6E-B720-4228-BBD8-E1B34558DD52}"
EndProject
Project("{2150E333-8FDC-42A3-9474-1A3956D46DE8}") = "PixBlocks Providers modules", "PixBlocks Providers modules", "{B64F9E42-FC60-4484-9B1E-59A7A188E896}"
EndProject
Project("{2150E333-8FDC-42A3-9474-1A3956D46DE8}") = "Base", "Base", "{9410C098-071A-43C0-9688-E18AB0656853}"
EndProject
Project("{FAE04EC0-301F-11D3-BF4B-00C04F79EFBC}") = "ChampionshipCreatorApp", "ChampionshipCreatorApp\ChampionshipCreatorApp.csproj", "{01C36D89-5B5D-42F5-B08D-86E9CAC59CE0}"
EndProject
Project("{FAE04EC0-301F-11D3-BF4B-00C04F79EFBC}") = "ChampionshipCreatorApp.GTK", "ChampionshipCreatorApp.GTK\ChampionshipCreatorApp.GTK.csproj", "{D5A43765-A68C-4A28-8415-DC518404826B}"
EndProject
Project("{2150E333-8FDC-42A3-9474-1A3956D46DE8}") = "Championship creator App", "Championship creator App", "{4CB92976-5D5C-4136-ACDA-0DC93B937943}"
EndProject
Project("{FAE04EC0-301F-11D3-BF4B-00C04F79EFBC}") = "ChampionshipCreatorApp.WPF", "ChampionshipCreatorApp.WPF\ChampionshipCreatorApp.WPF.csproj", "{351DCC71-CF24-4D9D-940D-38D58A81652F}"
EndProject
Project("{2150E333-8FDC-42A3-9474-1A3956D46DE8}") = "PixBlocks", "PixBlocks", "{7648A895-C94E-491D-BD09-BBF9658CB92C}"
EndProject
Project("{FAE04EC0-301F-11D3-BF4B-00C04F79EFBC}") = "PixBlocksMainServer", "PixBlocksMainServer\PixBlocksMainServer.csproj", "{E56F0176-0047-4028-97A9-0E16601AF059}"
EndProject
Project("{FAE04EC0-301F-11D3-BF4B-00C04F79EFBC}") = "PixBlocksCommandResolver", "PixBlocksCommandResolver\PixBlocksCommandResolver.csproj", "{5374AE78-1F0A-4E2B-8BC1-BFEDB9FCB78F}"
EndProject
Project("{FAE04EC0-301F-11D3-BF4B-00C04F79EFBC}") = "Server.Base.CommandResolver", "Pix_API.Utills\BaseCommandResolver\Server.Base.CommandResolver.csproj", "{B422F6D6-DC82-435B-B37E-1D72D4004EE8}"
EndProject
Project("{FAE04EC0-301F-11D3-BF4B-00C04F79EFBC}") = "PixBlocksChampionshipServer", "PixBlocksChampionshipServer\PixBlocksChampionshipServer.csproj", "{304E0D0C-C4BD-45A9-AE27-1C443A38679E}"
EndProject
Project("{FAE04EC0-301F-11D3-BF4B-00C04F79EFBC}") = "BaseProviders.Disk", "BaseProviders.Disk\BaseProviders.Disk.csproj", "{1588F27D-CA8E-4A4D-91C8-19BBE7C2EB84}"
EndProject
Project("{FAE04EC0-301F-11D3-BF4B-00C04F79EFBC}") = "BaseProviders.MongoDB", "BaseProviders.MongoDB\BaseProviders.MongoDB.csproj", "{031956FC-4F58-4A1E-9C8E-0464DCA7CDB3}"
EndProject
Project("{FAE04EC0-301F-11D3-BF4B-00C04F79EFBC}") = "PixApi.DiskProvider", "PixApi.DiskProvider\PixApi.DiskProvider.csproj", "{0546D215-BE27-4873-9E7C-3510F6DD7EF4}"
EndProject
Global
	GlobalSection(SolutionConfigurationPlatforms) = preSolution
		Debug|Any CPU = Debug|Any CPU
		Debug|x64 = Debug|x64
		Debug|x86 = Debug|x86
		Release|Any CPU = Release|Any CPU
		Release|x64 = Release|x64
		Release|x86 = Release|x86
	EndGlobalSection
	GlobalSection(ProjectConfigurationPlatforms) = postSolution
		{92BC8FF0-6D95-457C-934A-BEA82730171C}.Debug|Any CPU.ActiveCfg = Debug|Any CPU
		{92BC8FF0-6D95-457C-934A-BEA82730171C}.Debug|Any CPU.Build.0 = Debug|Any CPU
		{92BC8FF0-6D95-457C-934A-BEA82730171C}.Debug|x64.ActiveCfg = Debug|Any CPU
		{92BC8FF0-6D95-457C-934A-BEA82730171C}.Debug|x64.Build.0 = Debug|Any CPU
		{92BC8FF0-6D95-457C-934A-BEA82730171C}.Debug|x86.ActiveCfg = Debug|Any CPU
		{92BC8FF0-6D95-457C-934A-BEA82730171C}.Debug|x86.Build.0 = Debug|Any CPU
		{92BC8FF0-6D95-457C-934A-BEA82730171C}.Release|Any CPU.ActiveCfg = Release|Any CPU
		{92BC8FF0-6D95-457C-934A-BEA82730171C}.Release|Any CPU.Build.0 = Release|Any CPU
		{92BC8FF0-6D95-457C-934A-BEA82730171C}.Release|x64.ActiveCfg = Release|Any CPU
		{92BC8FF0-6D95-457C-934A-BEA82730171C}.Release|x64.Build.0 = Release|Any CPU
		{92BC8FF0-6D95-457C-934A-BEA82730171C}.Release|x86.ActiveCfg = Release|Any CPU
		{92BC8FF0-6D95-457C-934A-BEA82730171C}.Release|x86.Build.0 = Release|Any CPU
		{14A390F7-728B-461C-A97F-B841E4933EEF}.Debug|Any CPU.ActiveCfg = Debug|Any CPU
		{14A390F7-728B-461C-A97F-B841E4933EEF}.Debug|Any CPU.Build.0 = Debug|Any CPU
		{14A390F7-728B-461C-A97F-B841E4933EEF}.Debug|x64.ActiveCfg = Debug|Any CPU
		{14A390F7-728B-461C-A97F-B841E4933EEF}.Debug|x64.Build.0 = Debug|Any CPU
		{14A390F7-728B-461C-A97F-B841E4933EEF}.Debug|x86.ActiveCfg = Debug|Any CPU
		{14A390F7-728B-461C-A97F-B841E4933EEF}.Debug|x86.Build.0 = Debug|Any CPU
		{14A390F7-728B-461C-A97F-B841E4933EEF}.Release|Any CPU.ActiveCfg = Release|Any CPU
		{14A390F7-728B-461C-A97F-B841E4933EEF}.Release|Any CPU.Build.0 = Release|Any CPU
		{14A390F7-728B-461C-A97F-B841E4933EEF}.Release|x64.ActiveCfg = Release|Any CPU
		{14A390F7-728B-461C-A97F-B841E4933EEF}.Release|x64.Build.0 = Release|Any CPU
		{14A390F7-728B-461C-A97F-B841E4933EEF}.Release|x86.ActiveCfg = Release|Any CPU
		{14A390F7-728B-461C-A97F-B841E4933EEF}.Release|x86.Build.0 = Release|Any CPU
		{916F4648-B186-421E-A044-78B7BCEBC0A3}.Debug|Any CPU.ActiveCfg = Debug|Any CPU
		{916F4648-B186-421E-A044-78B7BCEBC0A3}.Debug|Any CPU.Build.0 = Debug|Any CPU
		{916F4648-B186-421E-A044-78B7BCEBC0A3}.Debug|x64.ActiveCfg = Debug|Any CPU
		{916F4648-B186-421E-A044-78B7BCEBC0A3}.Debug|x64.Build.0 = Debug|Any CPU
		{916F4648-B186-421E-A044-78B7BCEBC0A3}.Debug|x86.ActiveCfg = Debug|Any CPU
		{916F4648-B186-421E-A044-78B7BCEBC0A3}.Debug|x86.Build.0 = Debug|Any CPU
		{916F4648-B186-421E-A044-78B7BCEBC0A3}.Release|Any CPU.ActiveCfg = Release|Any CPU
		{916F4648-B186-421E-A044-78B7BCEBC0A3}.Release|Any CPU.Build.0 = Release|Any CPU
		{916F4648-B186-421E-A044-78B7BCEBC0A3}.Release|x64.ActiveCfg = Release|Any CPU
		{916F4648-B186-421E-A044-78B7BCEBC0A3}.Release|x64.Build.0 = Release|Any CPU
		{916F4648-B186-421E-A044-78B7BCEBC0A3}.Release|x86.ActiveCfg = Release|Any CPU
		{916F4648-B186-421E-A044-78B7BCEBC0A3}.Release|x86.Build.0 = Release|Any CPU
		{64F89E6E-B720-4228-BBD8-E1B34558DD52}.Debug|Any CPU.ActiveCfg = Debug|Any CPU
		{64F89E6E-B720-4228-BBD8-E1B34558DD52}.Debug|Any CPU.Build.0 = Debug|Any CPU
		{64F89E6E-B720-4228-BBD8-E1B34558DD52}.Debug|x64.ActiveCfg = Debug|Any CPU
		{64F89E6E-B720-4228-BBD8-E1B34558DD52}.Debug|x64.Build.0 = Debug|Any CPU
		{64F89E6E-B720-4228-BBD8-E1B34558DD52}.Debug|x86.ActiveCfg = Debug|Any CPU
		{64F89E6E-B720-4228-BBD8-E1B34558DD52}.Debug|x86.Build.0 = Debug|Any CPU
		{64F89E6E-B720-4228-BBD8-E1B34558DD52}.Release|Any CPU.ActiveCfg = Release|Any CPU
		{64F89E6E-B720-4228-BBD8-E1B34558DD52}.Release|Any CPU.Build.0 = Release|Any CPU
		{64F89E6E-B720-4228-BBD8-E1B34558DD52}.Release|x64.ActiveCfg = Release|Any CPU
		{64F89E6E-B720-4228-BBD8-E1B34558DD52}.Release|x64.Build.0 = Release|Any CPU
		{64F89E6E-B720-4228-BBD8-E1B34558DD52}.Release|x86.ActiveCfg = Release|Any CPU
		{64F89E6E-B720-4228-BBD8-E1B34558DD52}.Release|x86.Build.0 = Release|Any CPU
		{01C36D89-5B5D-42F5-B08D-86E9CAC59CE0}.Debug|Any CPU.ActiveCfg = Debug|Any CPU
		{01C36D89-5B5D-42F5-B08D-86E9CAC59CE0}.Debug|Any CPU.Build.0 = Debug|Any CPU
		{01C36D89-5B5D-42F5-B08D-86E9CAC59CE0}.Debug|x64.ActiveCfg = Debug|Any CPU
		{01C36D89-5B5D-42F5-B08D-86E9CAC59CE0}.Debug|x64.Build.0 = Debug|Any CPU
		{01C36D89-5B5D-42F5-B08D-86E9CAC59CE0}.Debug|x86.ActiveCfg = Debug|Any CPU
		{01C36D89-5B5D-42F5-B08D-86E9CAC59CE0}.Debug|x86.Build.0 = Debug|Any CPU
		{01C36D89-5B5D-42F5-B08D-86E9CAC59CE0}.Release|Any CPU.ActiveCfg = Release|Any CPU
		{01C36D89-5B5D-42F5-B08D-86E9CAC59CE0}.Release|Any CPU.Build.0 = Release|Any CPU
		{01C36D89-5B5D-42F5-B08D-86E9CAC59CE0}.Release|x64.ActiveCfg = Release|Any CPU
		{01C36D89-5B5D-42F5-B08D-86E9CAC59CE0}.Release|x64.Build.0 = Release|Any CPU
		{01C36D89-5B5D-42F5-B08D-86E9CAC59CE0}.Release|x86.ActiveCfg = Release|Any CPU
		{01C36D89-5B5D-42F5-B08D-86E9CAC59CE0}.Release|x86.Build.0 = Release|Any CPU
		{D5A43765-A68C-4A28-8415-DC518404826B}.Debug|Any CPU.ActiveCfg = Debug|Any CPU
		{D5A43765-A68C-4A28-8415-DC518404826B}.Debug|Any CPU.Build.0 = Debug|Any CPU
		{D5A43765-A68C-4A28-8415-DC518404826B}.Debug|x64.ActiveCfg = Debug|Any CPU
		{D5A43765-A68C-4A28-8415-DC518404826B}.Debug|x64.Build.0 = Debug|Any CPU
		{D5A43765-A68C-4A28-8415-DC518404826B}.Debug|x86.ActiveCfg = Debug|Any CPU
		{D5A43765-A68C-4A28-8415-DC518404826B}.Debug|x86.Build.0 = Debug|Any CPU
		{D5A43765-A68C-4A28-8415-DC518404826B}.Release|Any CPU.ActiveCfg = Release|Any CPU
		{D5A43765-A68C-4A28-8415-DC518404826B}.Release|Any CPU.Build.0 = Release|Any CPU
		{D5A43765-A68C-4A28-8415-DC518404826B}.Release|x64.ActiveCfg = Release|Any CPU
		{D5A43765-A68C-4A28-8415-DC518404826B}.Release|x64.Build.0 = Release|Any CPU
		{D5A43765-A68C-4A28-8415-DC518404826B}.Release|x86.ActiveCfg = Release|Any CPU
		{D5A43765-A68C-4A28-8415-DC518404826B}.Release|x86.Build.0 = Release|Any CPU
		{351DCC71-CF24-4D9D-940D-38D58A81652F}.Debug|Any CPU.ActiveCfg = Debug|Any CPU
		{351DCC71-CF24-4D9D-940D-38D58A81652F}.Debug|Any CPU.Build.0 = Debug|Any CPU
		{351DCC71-CF24-4D9D-940D-38D58A81652F}.Debug|x64.ActiveCfg = Debug|Any CPU
		{351DCC71-CF24-4D9D-940D-38D58A81652F}.Debug|x64.Build.0 = Debug|Any CPU
		{351DCC71-CF24-4D9D-940D-38D58A81652F}.Debug|x86.ActiveCfg = Debug|Any CPU
		{351DCC71-CF24-4D9D-940D-38D58A81652F}.Debug|x86.Build.0 = Debug|Any CPU
		{351DCC71-CF24-4D9D-940D-38D58A81652F}.Release|Any CPU.ActiveCfg = Release|Any CPU
		{351DCC71-CF24-4D9D-940D-38D58A81652F}.Release|Any CPU.Build.0 = Release|Any CPU
		{351DCC71-CF24-4D9D-940D-38D58A81652F}.Release|x64.ActiveCfg = Release|Any CPU
		{351DCC71-CF24-4D9D-940D-38D58A81652F}.Release|x64.Build.0 = Release|Any CPU
		{351DCC71-CF24-4D9D-940D-38D58A81652F}.Release|x86.ActiveCfg = Release|Any CPU
		{351DCC71-CF24-4D9D-940D-38D58A81652F}.Release|x86.Build.0 = Release|Any CPU
		{E56F0176-0047-4028-97A9-0E16601AF059}.Debug|Any CPU.ActiveCfg = Debug|Any CPU
		{E56F0176-0047-4028-97A9-0E16601AF059}.Debug|Any CPU.Build.0 = Debug|Any CPU
		{E56F0176-0047-4028-97A9-0E16601AF059}.Debug|x64.ActiveCfg = Debug|Any CPU
		{E56F0176-0047-4028-97A9-0E16601AF059}.Debug|x64.Build.0 = Debug|Any CPU
		{E56F0176-0047-4028-97A9-0E16601AF059}.Debug|x86.ActiveCfg = Debug|Any CPU
		{E56F0176-0047-4028-97A9-0E16601AF059}.Debug|x86.Build.0 = Debug|Any CPU
		{E56F0176-0047-4028-97A9-0E16601AF059}.Release|Any CPU.ActiveCfg = Release|Any CPU
		{E56F0176-0047-4028-97A9-0E16601AF059}.Release|Any CPU.Build.0 = Release|Any CPU
		{E56F0176-0047-4028-97A9-0E16601AF059}.Release|x64.ActiveCfg = Release|Any CPU
		{E56F0176-0047-4028-97A9-0E16601AF059}.Release|x64.Build.0 = Release|Any CPU
		{E56F0176-0047-4028-97A9-0E16601AF059}.Release|x86.ActiveCfg = Release|Any CPU
		{E56F0176-0047-4028-97A9-0E16601AF059}.Release|x86.Build.0 = Release|Any CPU
		{5374AE78-1F0A-4E2B-8BC1-BFEDB9FCB78F}.Debug|Any CPU.ActiveCfg = Debug|Any CPU
		{5374AE78-1F0A-4E2B-8BC1-BFEDB9FCB78F}.Debug|Any CPU.Build.0 = Debug|Any CPU
		{5374AE78-1F0A-4E2B-8BC1-BFEDB9FCB78F}.Debug|x64.ActiveCfg = Debug|Any CPU
		{5374AE78-1F0A-4E2B-8BC1-BFEDB9FCB78F}.Debug|x64.Build.0 = Debug|Any CPU
		{5374AE78-1F0A-4E2B-8BC1-BFEDB9FCB78F}.Debug|x86.ActiveCfg = Debug|Any CPU
		{5374AE78-1F0A-4E2B-8BC1-BFEDB9FCB78F}.Debug|x86.Build.0 = Debug|Any CPU
		{5374AE78-1F0A-4E2B-8BC1-BFEDB9FCB78F}.Release|Any CPU.ActiveCfg = Release|Any CPU
		{5374AE78-1F0A-4E2B-8BC1-BFEDB9FCB78F}.Release|Any CPU.Build.0 = Release|Any CPU
		{5374AE78-1F0A-4E2B-8BC1-BFEDB9FCB78F}.Release|x64.ActiveCfg = Release|Any CPU
		{5374AE78-1F0A-4E2B-8BC1-BFEDB9FCB78F}.Release|x64.Build.0 = Release|Any CPU
		{5374AE78-1F0A-4E2B-8BC1-BFEDB9FCB78F}.Release|x86.ActiveCfg = Release|Any CPU
		{5374AE78-1F0A-4E2B-8BC1-BFEDB9FCB78F}.Release|x86.Build.0 = Release|Any CPU
		{B422F6D6-DC82-435B-B37E-1D72D4004EE8}.Debug|Any CPU.ActiveCfg = Debug|Any CPU
		{B422F6D6-DC82-435B-B37E-1D72D4004EE8}.Debug|Any CPU.Build.0 = Debug|Any CPU
		{B422F6D6-DC82-435B-B37E-1D72D4004EE8}.Debug|x64.ActiveCfg = Debug|Any CPU
		{B422F6D6-DC82-435B-B37E-1D72D4004EE8}.Debug|x64.Build.0 = Debug|Any CPU
		{B422F6D6-DC82-435B-B37E-1D72D4004EE8}.Debug|x86.ActiveCfg = Debug|Any CPU
		{B422F6D6-DC82-435B-B37E-1D72D4004EE8}.Debug|x86.Build.0 = Debug|Any CPU
		{B422F6D6-DC82-435B-B37E-1D72D4004EE8}.Release|Any CPU.ActiveCfg = Release|Any CPU
		{B422F6D6-DC82-435B-B37E-1D72D4004EE8}.Release|Any CPU.Build.0 = Release|Any CPU
		{B422F6D6-DC82-435B-B37E-1D72D4004EE8}.Release|x64.ActiveCfg = Release|Any CPU
		{B422F6D6-DC82-435B-B37E-1D72D4004EE8}.Release|x64.Build.0 = Release|Any CPU
		{B422F6D6-DC82-435B-B37E-1D72D4004EE8}.Release|x86.ActiveCfg = Release|Any CPU
		{B422F6D6-DC82-435B-B37E-1D72D4004EE8}.Release|x86.Build.0 = Release|Any CPU
		{304E0D0C-C4BD-45A9-AE27-1C443A38679E}.Debug|Any CPU.ActiveCfg = Debug|Any CPU
		{304E0D0C-C4BD-45A9-AE27-1C443A38679E}.Debug|Any CPU.Build.0 = Debug|Any CPU
		{304E0D0C-C4BD-45A9-AE27-1C443A38679E}.Debug|x64.ActiveCfg = Debug|Any CPU
		{304E0D0C-C4BD-45A9-AE27-1C443A38679E}.Debug|x64.Build.0 = Debug|Any CPU
		{304E0D0C-C4BD-45A9-AE27-1C443A38679E}.Debug|x86.ActiveCfg = Debug|Any CPU
		{304E0D0C-C4BD-45A9-AE27-1C443A38679E}.Debug|x86.Build.0 = Debug|Any CPU
		{304E0D0C-C4BD-45A9-AE27-1C443A38679E}.Release|Any CPU.ActiveCfg = Release|Any CPU
		{304E0D0C-C4BD-45A9-AE27-1C443A38679E}.Release|Any CPU.Build.0 = Release|Any CPU
		{304E0D0C-C4BD-45A9-AE27-1C443A38679E}.Release|x64.ActiveCfg = Release|Any CPU
		{304E0D0C-C4BD-45A9-AE27-1C443A38679E}.Release|x64.Build.0 = Release|Any CPU
		{304E0D0C-C4BD-45A9-AE27-1C443A38679E}.Release|x86.ActiveCfg = Release|Any CPU
		{304E0D0C-C4BD-45A9-AE27-1C443A38679E}.Release|x86.Build.0 = Release|Any CPU
		{1588F27D-CA8E-4A4D-91C8-19BBE7C2EB84}.Debug|Any CPU.ActiveCfg = Debug|Any CPU
		{1588F27D-CA8E-4A4D-91C8-19BBE7C2EB84}.Debug|Any CPU.Build.0 = Debug|Any CPU
		{1588F27D-CA8E-4A4D-91C8-19BBE7C2EB84}.Debug|x64.ActiveCfg = Debug|Any CPU
		{1588F27D-CA8E-4A4D-91C8-19BBE7C2EB84}.Debug|x64.Build.0 = Debug|Any CPU
		{1588F27D-CA8E-4A4D-91C8-19BBE7C2EB84}.Debug|x86.ActiveCfg = Debug|Any CPU
		{1588F27D-CA8E-4A4D-91C8-19BBE7C2EB84}.Debug|x86.Build.0 = Debug|Any CPU
		{1588F27D-CA8E-4A4D-91C8-19BBE7C2EB84}.Release|Any CPU.ActiveCfg = Release|Any CPU
		{1588F27D-CA8E-4A4D-91C8-19BBE7C2EB84}.Release|Any CPU.Build.0 = Release|Any CPU
		{1588F27D-CA8E-4A4D-91C8-19BBE7C2EB84}.Release|x64.ActiveCfg = Release|Any CPU
		{1588F27D-CA8E-4A4D-91C8-19BBE7C2EB84}.Release|x64.Build.0 = Release|Any CPU
		{1588F27D-CA8E-4A4D-91C8-19BBE7C2EB84}.Release|x86.ActiveCfg = Release|Any CPU
		{1588F27D-CA8E-4A4D-91C8-19BBE7C2EB84}.Release|x86.Build.0 = Release|Any CPU
		{031956FC-4F58-4A1E-9C8E-0464DCA7CDB3}.Debug|Any CPU.ActiveCfg = Debug|Any CPU
		{031956FC-4F58-4A1E-9C8E-0464DCA7CDB3}.Debug|Any CPU.Build.0 = Debug|Any CPU
		{031956FC-4F58-4A1E-9C8E-0464DCA7CDB3}.Debug|x64.ActiveCfg = Debug|Any CPU
		{031956FC-4F58-4A1E-9C8E-0464DCA7CDB3}.Debug|x64.Build.0 = Debug|Any CPU
		{031956FC-4F58-4A1E-9C8E-0464DCA7CDB3}.Debug|x86.ActiveCfg = Debug|Any CPU
		{031956FC-4F58-4A1E-9C8E-0464DCA7CDB3}.Debug|x86.Build.0 = Debug|Any CPU
		{031956FC-4F58-4A1E-9C8E-0464DCA7CDB3}.Release|Any CPU.ActiveCfg = Release|Any CPU
		{031956FC-4F58-4A1E-9C8E-0464DCA7CDB3}.Release|Any CPU.Build.0 = Release|Any CPU
		{031956FC-4F58-4A1E-9C8E-0464DCA7CDB3}.Release|x64.ActiveCfg = Release|Any CPU
		{031956FC-4F58-4A1E-9C8E-0464DCA7CDB3}.Release|x64.Build.0 = Release|Any CPU
		{031956FC-4F58-4A1E-9C8E-0464DCA7CDB3}.Release|x86.ActiveCfg = Release|Any CPU
		{031956FC-4F58-4A1E-9C8E-0464DCA7CDB3}.Release|x86.Build.0 = Release|Any CPU
		{0546D215-BE27-4873-9E7C-3510F6DD7EF4}.Debug|Any CPU.ActiveCfg = Debug|Any CPU
		{0546D215-BE27-4873-9E7C-3510F6DD7EF4}.Debug|Any CPU.Build.0 = Debug|Any CPU
		{0546D215-BE27-4873-9E7C-3510F6DD7EF4}.Debug|x64.ActiveCfg = Debug|Any CPU
		{0546D215-BE27-4873-9E7C-3510F6DD7EF4}.Debug|x64.Build.0 = Debug|Any CPU
		{0546D215-BE27-4873-9E7C-3510F6DD7EF4}.Debug|x86.ActiveCfg = Debug|Any CPU
		{0546D215-BE27-4873-9E7C-3510F6DD7EF4}.Debug|x86.Build.0 = Debug|Any CPU
		{0546D215-BE27-4873-9E7C-3510F6DD7EF4}.Release|Any CPU.ActiveCfg = Release|Any CPU
		{0546D215-BE27-4873-9E7C-3510F6DD7EF4}.Release|Any CPU.Build.0 = Release|Any CPU
		{0546D215-BE27-4873-9E7C-3510F6DD7EF4}.Release|x64.ActiveCfg = Release|Any CPU
		{0546D215-BE27-4873-9E7C-3510F6DD7EF4}.Release|x64.Build.0 = Release|Any CPU
		{0546D215-BE27-4873-9E7C-3510F6DD7EF4}.Release|x86.ActiveCfg = Release|Any CPU
		{0546D215-BE27-4873-9E7C-3510F6DD7EF4}.Release|x86.Build.0 = Release|Any CPU
	EndGlobalSection
	GlobalSection(SolutionProperties) = preSolution
		HideSolutionNode = FALSE
	EndGlobalSection
	GlobalSection(NestedProjects) = preSolution
		{14A390F7-728B-461C-A97F-B841E4933EEF} = {7648A895-C94E-491D-BD09-BBF9658CB92C}
		{916F4648-B186-421E-A044-78B7BCEBC0A3} = {B64F9E42-FC60-4484-9B1E-59A7A188E896}
		{64F89E6E-B720-4228-BBD8-E1B34558DD52} = {9410C098-071A-43C0-9688-E18AB0656853}
		{01C36D89-5B5D-42F5-B08D-86E9CAC59CE0} = {4CB92976-5D5C-4136-ACDA-0DC93B937943}
		{D5A43765-A68C-4A28-8415-DC518404826B} = {4CB92976-5D5C-4136-ACDA-0DC93B937943}
		{351DCC71-CF24-4D9D-940D-38D58A81652F} = {4CB92976-5D5C-4136-ACDA-0DC93B937943}
		{B64F9E42-FC60-4484-9B1E-59A7A188E896} = {7648A895-C94E-491D-BD09-BBF9658CB92C}
		{E56F0176-0047-4028-97A9-0E16601AF059} = {7648A895-C94E-491D-BD09-BBF9658CB92C}
		{5374AE78-1F0A-4E2B-8BC1-BFEDB9FCB78F} = {7648A895-C94E-491D-BD09-BBF9658CB92C}
		{B422F6D6-DC82-435B-B37E-1D72D4004EE8} = {9410C098-071A-43C0-9688-E18AB0656853}
		{304E0D0C-C4BD-45A9-AE27-1C443A38679E} = {7648A895-C94E-491D-BD09-BBF9658CB92C}
		{1588F27D-CA8E-4A4D-91C8-19BBE7C2EB84} = {9410C098-071A-43C0-9688-E18AB0656853}
		{031956FC-4F58-4A1E-9C8E-0464DCA7CDB3} = {9410C098-071A-43C0-9688-E18AB0656853}
		{0546D215-BE27-4873-9E7C-3510F6DD7EF4} = {7648A895-C94E-491D-BD09-BBF9658CB92C}
	EndGlobalSection
	GlobalSection(ExtensibilityGlobals) = postSolution
		SolutionGuid = {651F2AFD-5D4D-4251-A254-F35CFD894AA4}
	EndGlobalSection
EndGlobal
